// !$*UTF8*$!
{
	archiveVersion = 1;
	classes = {
	};
	objectVersion = 56;
	objects = {

/* Begin PBXBuildFile section */
		CA87AEEA2CC474950060E61B /* ReflectionApp.swift in Sources */ = {isa = PBXBuildFile; fileRef = CA87AEE92CC474950060E61B /* ReflectionApp.swift */; };
		CA87AEEC2CC474950060E61B /* ContentView.swift in Sources */ = {isa = PBXBuildFile; fileRef = CA87AEEB2CC474950060E61B /* ContentView.swift */; };
		CA87AEEE2CC474970060E61B /* Assets.xcassets in Resources */ = {isa = PBXBuildFile; fileRef = CA87AEED2CC474970060E61B /* Assets.xcassets */; };
		CA87AEF12CC474970060E61B /* Preview Assets.xcassets in Resources */ = {isa = PBXBuildFile; fileRef = CA87AEF02CC474970060E61B /* Preview Assets.xcassets */; };
		CA87AEF32CC474970060E61B /* Persistence.swift in Sources */ = {isa = PBXBuildFile; fileRef = CA87AEF22CC474970060E61B /* Persistence.swift */; };
		CA87AEF62CC474970060E61B /* Reflection.xcdatamodeld in Sources */ = {isa = PBXBuildFile; fileRef = CA87AEF42CC474970060E61B /* Reflection.xcdatamodeld */; };
		CA87AEFD2CC475260060E61B /* JournalDateFormatter.swift in Sources */ = {isa = PBXBuildFile; fileRef = CA87AEFC2CC475260060E61B /* JournalDateFormatter.swift */; };
		CA87AEFF2CC4755E0060E61B /* Theme.swift in Sources */ = {isa = PBXBuildFile; fileRef = CA87AEFE2CC4755E0060E61B /* Theme.swift */; };
		CA87AF012CC475750060E61B /* EntryRowView.swift in Sources */ = {isa = PBXBuildFile; fileRef = CA87AF002CC475750060E61B /* EntryRowView.swift */; };
		CA87AF032CC475960060E61B /* SearchView.swift in Sources */ = {isa = PBXBuildFile; fileRef = CA87AF022CC475960060E61B /* SearchView.swift */; };
		CA87AF052CC475BE0060E61B /* JournalDataManager.swift in Sources */ = {isa = PBXBuildFile; fileRef = CA87AF042CC475BE0060E61B /* JournalDataManager.swift */; };
		CA87AF0B2CC476510060E61B /* EntryDetailView.swift in Sources */ = {isa = PBXBuildFile; fileRef = CA87AF0A2CC476510060E61B /* EntryDetailView.swift */; };
		CA87AF0D2CC4766A0060E61B /* NewEntryView.swift in Sources */ = {isa = PBXBuildFile; fileRef = CA87AF0C2CC4766A0060E61B /* NewEntryView.swift */; };
		CA87AF0F2CC478B30060E61B /* JournalEntry.swift in Sources */ = {isa = PBXBuildFile; fileRef = CA87AF0E2CC478B30060E61B /* JournalEntry.swift */; };
		CA87AF112CC486450060E61B /* DateHeaderView.swift in Sources */ = {isa = PBXBuildFile; fileRef = CA87AF102CC486450060E61B /* DateHeaderView.swift */; };
/* End PBXBuildFile section */

/* Begin PBXFileReference section */
		CA87AEE62CC474950060E61B /* Reflection.app */ = {isa = PBXFileReference; explicitFileType = wrapper.application; includeInIndex = 0; path = Reflection.app; sourceTree = BUILT_PRODUCTS_DIR; };
		CA87AEE92CC474950060E61B /* ReflectionApp.swift */ = {isa = PBXFileReference; lastKnownFileType = sourcecode.swift; path = ReflectionApp.swift; sourceTree = "<group>"; };
		CA87AEEB2CC474950060E61B /* ContentView.swift */ = {isa = PBXFileReference; lastKnownFileType = sourcecode.swift; path = ContentView.swift; sourceTree = "<group>"; };
		CA87AEED2CC474970060E61B /* Assets.xcassets */ = {isa = PBXFileReference; lastKnownFileType = folder.assetcatalog; path = Assets.xcassets; sourceTree = "<group>"; };
		CA87AEF02CC474970060E61B /* Preview Assets.xcassets */ = {isa = PBXFileReference; lastKnownFileType = folder.assetcatalog; path = "Preview Assets.xcassets"; sourceTree = "<group>"; };
		CA87AEF22CC474970060E61B /* Persistence.swift */ = {isa = PBXFileReference; lastKnownFileType = sourcecode.swift; path = Persistence.swift; sourceTree = "<group>"; };
		CA87AEF52CC474970060E61B /* Reflection.xcdatamodel */ = {isa = PBXFileReference; lastKnownFileType = wrapper.xcdatamodel; path = Reflection.xcdatamodel; sourceTree = "<group>"; };
		CA87AEFC2CC475260060E61B /* JournalDateFormatter.swift */ = {isa = PBXFileReference; lastKnownFileType = sourcecode.swift; path = JournalDateFormatter.swift; sourceTree = "<group>"; };
		CA87AEFE2CC4755E0060E61B /* Theme.swift */ = {isa = PBXFileReference; lastKnownFileType = sourcecode.swift; path = Theme.swift; sourceTree = "<group>"; };
		CA87AF002CC475750060E61B /* EntryRowView.swift */ = {isa = PBXFileReference; lastKnownFileType = sourcecode.swift; path = EntryRowView.swift; sourceTree = "<group>"; };
		CA87AF022CC475960060E61B /* SearchView.swift */ = {isa = PBXFileReference; lastKnownFileType = sourcecode.swift; path = SearchView.swift; sourceTree = "<group>"; };
		CA87AF042CC475BE0060E61B /* JournalDataManager.swift */ = {isa = PBXFileReference; lastKnownFileType = sourcecode.swift; path = JournalDataManager.swift; sourceTree = "<group>"; };
		CA87AF0A2CC476510060E61B /* EntryDetailView.swift */ = {isa = PBXFileReference; lastKnownFileType = sourcecode.swift; path = EntryDetailView.swift; sourceTree = "<group>"; };
		CA87AF0C2CC4766A0060E61B /* NewEntryView.swift */ = {isa = PBXFileReference; lastKnownFileType = sourcecode.swift; path = NewEntryView.swift; sourceTree = "<group>"; };
		CA87AF0E2CC478B30060E61B /* JournalEntry.swift */ = {isa = PBXFileReference; lastKnownFileType = sourcecode.swift; path = JournalEntry.swift; sourceTree = "<group>"; };
		CA87AF102CC486450060E61B /* DateHeaderView.swift */ = {isa = PBXFileReference; lastKnownFileType = sourcecode.swift; path = DateHeaderView.swift; sourceTree = "<group>"; };
/* End PBXFileReference section */

/* Begin PBXFrameworksBuildPhase section */
		CA87AEE32CC474950060E61B /* Frameworks */ = {
			isa = PBXFrameworksBuildPhase;
			buildActionMask = 2147483647;
			files = (
			);
			runOnlyForDeploymentPostprocessing = 0;
		};
/* End PBXFrameworksBuildPhase section */

/* Begin PBXGroup section */
		CA87AEDD2CC474950060E61B = {
			isa = PBXGroup;
			children = (
				CA87AEE82CC474950060E61B /* Reflection */,
				CA87AEE72CC474950060E61B /* Products */,
			);
			sourceTree = "<group>";
		};
		CA87AEE72CC474950060E61B /* Products */ = {
			isa = PBXGroup;
			children = (
				CA87AEE62CC474950060E61B /* Reflection.app */,
			);
			name = Products;
			sourceTree = "<group>";
		};
		CA87AEE82CC474950060E61B /* Reflection */ = {
			isa = PBXGroup;
			children = (
				CA87AF102CC486450060E61B /* DateHeaderView.swift */,
				CA87AF0E2CC478B30060E61B /* JournalEntry.swift */,
				CA87AF0C2CC4766A0060E61B /* NewEntryView.swift */,
				CA87AF0A2CC476510060E61B /* EntryDetailView.swift */,
				CA87AF042CC475BE0060E61B /* JournalDataManager.swift */,
				CA87AF022CC475960060E61B /* SearchView.swift */,
				CA87AF002CC475750060E61B /* EntryRowView.swift */,
				CA87AEFE2CC4755E0060E61B /* Theme.swift */,
				CA87AEFC2CC475260060E61B /* JournalDateFormatter.swift */,
				CA87AEE92CC474950060E61B /* ReflectionApp.swift */,
				CA87AEEB2CC474950060E61B /* ContentView.swift */,
				CA87AEED2CC474970060E61B /* Assets.xcassets */,
				CA87AEF22CC474970060E61B /* Persistence.swift */,
				CA87AEF42CC474970060E61B /* Reflection.xcdatamodeld */,
				CA87AEEF2CC474970060E61B /* Preview Content */,
			);
			path = Reflection;
			sourceTree = "<group>";
		};
		CA87AEEF2CC474970060E61B /* Preview Content */ = {
			isa = PBXGroup;
			children = (
				CA87AEF02CC474970060E61B /* Preview Assets.xcassets */,
			);
			path = "Preview Content";
			sourceTree = "<group>";
		};
/* End PBXGroup section */

/* Begin PBXNativeTarget section */
		CA87AEE52CC474950060E61B /* Reflection */ = {
			isa = PBXNativeTarget;
			buildConfigurationList = CA87AEF92CC474970060E61B /* Build configuration list for PBXNativeTarget "Reflection" */;
			buildPhases = (
				CA87AEE22CC474950060E61B /* Sources */,
				CA87AEE32CC474950060E61B /* Frameworks */,
				CA87AEE42CC474950060E61B /* Resources */,
			);
			buildRules = (
			);
			dependencies = (
			);
			name = Reflection;
			productName = Reflection;
			productReference = CA87AEE62CC474950060E61B /* Reflection.app */;
			productType = "com.apple.product-type.application";
		};
/* End PBXNativeTarget section */

/* Begin PBXProject section */
		CA87AEDE2CC474950060E61B /* Project object */ = {
			isa = PBXProject;
			attributes = {
				BuildIndependentTargetsInParallel = 1;
				LastSwiftUpdateCheck = 1540;
				LastUpgradeCheck = 1540;
				TargetAttributes = {
					CA87AEE52CC474950060E61B = {
						CreatedOnToolsVersion = 15.4;
					};
				};
			};
			buildConfigurationList = CA87AEE12CC474950060E61B /* Build configuration list for PBXProject "Reflection" */;
			compatibilityVersion = "Xcode 14.0";
			developmentRegion = en;
			hasScannedForEncodings = 0;
			knownRegions = (
				en,
				Base,
			);
			mainGroup = CA87AEDD2CC474950060E61B;
			productRefGroup = CA87AEE72CC474950060E61B /* Products */;
			projectDirPath = "";
			projectRoot = "";
			targets = (
				CA87AEE52CC474950060E61B /* Reflection */,
			);
		};
/* End PBXProject section */

/* Begin PBXResourcesBuildPhase section */
		CA87AEE42CC474950060E61B /* Resources */ = {
			isa = PBXResourcesBuildPhase;
			buildActionMask = 2147483647;
			files = (
				CA87AEF12CC474970060E61B /* Preview Assets.xcassets in Resources */,
				CA87AEEE2CC474970060E61B /* Assets.xcassets in Resources */,
			);
			runOnlyForDeploymentPostprocessing = 0;
		};
/* End PBXResourcesBuildPhase section */

/* Begin PBXSourcesBuildPhase section */
		CA87AEE22CC474950060E61B /* Sources */ = {
			isa = PBXSourcesBuildPhase;
			buildActionMask = 2147483647;
			files = (
				CA87AF0D2CC4766A0060E61B /* NewEntryView.swift in Sources */,
				CA87AEFD2CC475260060E61B /* JournalDateFormatter.swift in Sources */,
				CA87AF012CC475750060E61B /* EntryRowView.swift in Sources */,
				CA87AEF32CC474970060E61B /* Persistence.swift in Sources */,
				CA87AEEC2CC474950060E61B /* ContentView.swift in Sources */,
				CA87AF032CC475960060E61B /* SearchView.swift in Sources */,
				CA87AEFF2CC4755E0060E61B /* Theme.swift in Sources */,
				CA87AF052CC475BE0060E61B /* JournalDataManager.swift in Sources */,
				CA87AEF62CC474970060E61B /* Reflection.xcdatamodeld in Sources */,
				CA87AF112CC486450060E61B /* DateHeaderView.swift in Sources */,
				CA87AF0B2CC476510060E61B /* EntryDetailView.swift in Sources */,
				CA87AF0F2CC478B30060E61B /* JournalEntry.swift in Sources */,
				CA87AEEA2CC474950060E61B /* ReflectionApp.swift in Sources */,
			);
			runOnlyForDeploymentPostprocessing = 0;
		};
/* End PBXSourcesBuildPhase section */

/* Begin XCBuildConfiguration section */
		CA87AEF72CC474970060E61B /* Debug */ = {
			isa = XCBuildConfiguration;
			buildSettings = {
				ALWAYS_SEARCH_USER_PATHS = NO;
				ASSETCATALOG_COMPILER_GENERATE_SWIFT_ASSET_SYMBOL_EXTENSIONS = YES;
				CLANG_ANALYZER_NONNULL = YES;
				CLANG_ANALYZER_NUMBER_OBJECT_CONVERSION = YES_AGGRESSIVE;
				CLANG_CXX_LANGUAGE_STANDARD = "gnu++20";
				CLANG_ENABLE_MODULES = YES;
				CLANG_ENABLE_OBJC_ARC = YES;
				CLANG_ENABLE_OBJC_WEAK = YES;
				CLANG_WARN_BLOCK_CAPTURE_AUTORELEASING = YES;
				CLANG_WARN_BOOL_CONVERSION = YES;
				CLANG_WARN_COMMA = YES;
				CLANG_WARN_CONSTANT_CONVERSION = YES;
				CLANG_WARN_DEPRECATED_OBJC_IMPLEMENTATIONS = YES;
				CLANG_WARN_DIRECT_OBJC_ISA_USAGE = YES_ERROR;
				CLANG_WARN_DOCUMENTATION_COMMENTS = YES;
				CLANG_WARN_EMPTY_BODY = YES;
				CLANG_WARN_ENUM_CONVERSION = YES;
				CLANG_WARN_INFINITE_RECURSION = YES;
				CLANG_WARN_INT_CONVERSION = YES;
				CLANG_WARN_NON_LITERAL_NULL_CONVERSION = YES;
				CLANG_WARN_OBJC_IMPLICIT_RETAIN_SELF = YES;
				CLANG_WARN_OBJC_LITERAL_CONVERSION = YES;
				CLANG_WARN_OBJC_ROOT_CLASS = YES_ERROR;
				CLANG_WARN_QUOTED_INCLUDE_IN_FRAMEWORK_HEADER = YES;
				CLANG_WARN_RANGE_LOOP_ANALYSIS = YES;
				CLANG_WARN_STRICT_PROTOTYPES = YES;
				CLANG_WARN_SUSPICIOUS_MOVE = YES;
				CLANG_WARN_UNGUARDED_AVAILABILITY = YES_AGGRESSIVE;
				CLANG_WARN_UNREACHABLE_CODE = YES;
				CLANG_WARN__DUPLICATE_METHOD_MATCH = YES;
				COPY_PHASE_STRIP = NO;
				DEBUG_INFORMATION_FORMAT = dwarf;
				ENABLE_STRICT_OBJC_MSGSEND = YES;
				ENABLE_TESTABILITY = YES;
				ENABLE_USER_SCRIPT_SANDBOXING = YES;
				GCC_C_LANGUAGE_STANDARD = gnu17;
				GCC_DYNAMIC_NO_PIC = NO;
				GCC_NO_COMMON_BLOCKS = YES;
				GCC_OPTIMIZATION_LEVEL = 0;
				GCC_PREPROCESSOR_DEFINITIONS = (
					"DEBUG=1",
					"$(inherited)",
				);
				GCC_WARN_64_TO_32_BIT_CONVERSION = YES;
				GCC_WARN_ABOUT_RETURN_TYPE = YES_ERROR;
				GCC_WARN_UNDECLARED_SELECTOR = YES;
				GCC_WARN_UNINITIALIZED_AUTOS = YES_AGGRESSIVE;
				GCC_WARN_UNUSED_FUNCTION = YES;
				GCC_WARN_UNUSED_VARIABLE = YES;
				IPHONEOS_DEPLOYMENT_TARGET = 17.5;
				LOCALIZATION_PREFERS_STRING_CATALOGS = YES;
				MTL_ENABLE_DEBUG_INFO = INCLUDE_SOURCE;
				MTL_FAST_MATH = YES;
				ONLY_ACTIVE_ARCH = YES;
				SDKROOT = iphoneos;
				SWIFT_ACTIVE_COMPILATION_CONDITIONS = "DEBUG $(inherited)";
				SWIFT_OPTIMIZATION_LEVEL = "-Onone";
			};
			name = Debug;
		};
		CA87AEF82CC474970060E61B /* Release */ = {
			isa = XCBuildConfiguration;
			buildSettings = {
				ALWAYS_SEARCH_USER_PATHS = NO;
				ASSETCATALOG_COMPILER_GENERATE_SWIFT_ASSET_SYMBOL_EXTENSIONS = YES;
				CLANG_ANALYZER_NONNULL = YES;
				CLANG_ANALYZER_NUMBER_OBJECT_CONVERSION = YES_AGGRESSIVE;
				CLANG_CXX_LANGUAGE_STANDARD = "gnu++20";
				CLANG_ENABLE_MODULES = YES;
				CLANG_ENABLE_OBJC_ARC = YES;
				CLANG_ENABLE_OBJC_WEAK = YES;
				CLANG_WARN_BLOCK_CAPTURE_AUTORELEASING = YES;
				CLANG_WARN_BOOL_CONVERSION = YES;
				CLANG_WARN_COMMA = YES;
				CLANG_WARN_CONSTANT_CONVERSION = YES;
				CLANG_WARN_DEPRECATED_OBJC_IMPLEMENTATIONS = YES;
				CLANG_WARN_DIRECT_OBJC_ISA_USAGE = YES_ERROR;
				CLANG_WARN_DOCUMENTATION_COMMENTS = YES;
				CLANG_WARN_EMPTY_BODY = YES;
				CLANG_WARN_ENUM_CONVERSION = YES;
				CLANG_WARN_INFINITE_RECURSION = YES;
				CLANG_WARN_INT_CONVERSION = YES;
				CLANG_WARN_NON_LITERAL_NULL_CONVERSION = YES;
				CLANG_WARN_OBJC_IMPLICIT_RETAIN_SELF = YES;
				CLANG_WARN_OBJC_LITERAL_CONVERSION = YES;
				CLANG_WARN_OBJC_ROOT_CLASS = YES_ERROR;
				CLANG_WARN_QUOTED_INCLUDE_IN_FRAMEWORK_HEADER = YES;
				CLANG_WARN_RANGE_LOOP_ANALYSIS = YES;
				CLANG_WARN_STRICT_PROTOTYPES = YES;
				CLANG_WARN_SUSPICIOUS_MOVE = YES;
				CLANG_WARN_UNGUARDED_AVAILABILITY = YES_AGGRESSIVE;
				CLANG_WARN_UNREACHABLE_CODE = YES;
				CLANG_WARN__DUPLICATE_METHOD_MATCH = YES;
				COPY_PHASE_STRIP = NO;
				DEBUG_INFORMATION_FORMAT = "dwarf-with-dsym";
				ENABLE_NS_ASSERTIONS = NO;
				ENABLE_STRICT_OBJC_MSGSEND = YES;
				ENABLE_USER_SCRIPT_SANDBOXING = YES;
				GCC_C_LANGUAGE_STANDARD = gnu17;
				GCC_NO_COMMON_BLOCKS = YES;
				GCC_WARN_64_TO_32_BIT_CONVERSION = YES;
				GCC_WARN_ABOUT_RETURN_TYPE = YES_ERROR;
				GCC_WARN_UNDECLARED_SELECTOR = YES;
				GCC_WARN_UNINITIALIZED_AUTOS = YES_AGGRESSIVE;
				GCC_WARN_UNUSED_FUNCTION = YES;
				GCC_WARN_UNUSED_VARIABLE = YES;
				IPHONEOS_DEPLOYMENT_TARGET = 17.5;
				LOCALIZATION_PREFERS_STRING_CATALOGS = YES;
				MTL_ENABLE_DEBUG_INFO = NO;
				MTL_FAST_MATH = YES;
				SDKROOT = iphoneos;
				SWIFT_COMPILATION_MODE = wholemodule;
				VALIDATE_PRODUCT = YES;
			};
			name = Release;
		};
		CA87AEFA2CC474970060E61B /* Debug */ = {
			isa = XCBuildConfiguration;
			buildSettings = {
				ASSETCATALOG_COMPILER_APPICON_NAME = AppIcon;
				ASSETCATALOG_COMPILER_GLOBAL_ACCENT_COLOR_NAME = AccentColor;
				CODE_SIGN_STYLE = Automatic;
				CURRENT_PROJECT_VERSION = 1;
				DEVELOPMENT_ASSET_PATHS = "\"Reflection/Preview Content\"";
				DEVELOPMENT_TEAM = 68NL5GF6B7;
				ENABLE_PREVIEWS = YES;
				GENERATE_INFOPLIST_FILE = YES;
				INFOPLIST_KEY_UIApplicationSceneManifest_Generation = YES;
				INFOPLIST_KEY_UIApplicationSupportsIndirectInputEvents = YES;
				INFOPLIST_KEY_UILaunchScreen_Generation = YES;
				INFOPLIST_KEY_UISupportedInterfaceOrientations_iPad = "UIInterfaceOrientationPortrait UIInterfaceOrientationPortraitUpsideDown UIInterfaceOrientationLandscapeLeft UIInterfaceOrientationLandscapeRight";
				INFOPLIST_KEY_UISupportedInterfaceOrientations_iPhone = "UIInterfaceOrientationPortrait UIInterfaceOrientationLandscapeLeft UIInterfaceOrientationLandscapeRight";
				LD_RUNPATH_SEARCH_PATHS = (
					"$(inherited)",
					"@executable_path/Frameworks",
				);
				MARKETING_VERSION = 1.0;
				PRODUCT_BUNDLE_IDENTIFIER = com.arav.Reflection;
				PRODUCT_NAME = "$(TARGET_NAME)";
				SWIFT_EMIT_LOC_STRINGS = YES;
				SWIFT_VERSION = 5.0;
				TARGETED_DEVICE_FAMILY = "1,2";
			};
			name = Debug;
		};
		CA87AEFB2CC474970060E61B /* Release */ = {
			isa = XCBuildConfiguration;
			buildSettings = {
				ASSETCATALOG_COMPILER_APPICON_NAME = AppIcon;
				ASSETCATALOG_COMPILER_GLOBAL_ACCENT_COLOR_NAME = AccentColor;
				CODE_SIGN_STYLE = Automatic;
				CURRENT_PROJECT_VERSION = 1;
				DEVELOPMENT_ASSET_PATHS = "\"Reflection/Preview Content\"";
				DEVELOPMENT_TEAM = 68NL5GF6B7;
				ENABLE_PREVIEWS = YES;
				GENERATE_INFOPLIST_FILE = YES;
				INFOPLIST_KEY_UIApplicationSceneManifest_Generation = YES;
				INFOPLIST_KEY_UIApplicationSupportsIndirectInputEvents = YES;
				INFOPLIST_KEY_UILaunchScreen_Generation = YES;
				INFOPLIST_KEY_UISupportedInterfaceOrientations_iPad = "UIInterfaceOrientationPortrait UIInterfaceOrientationPortraitUpsideDown UIInterfaceOrientationLandscapeLeft UIInterfaceOrientationLandscapeRight";
				INFOPLIST_KEY_UISupportedInterfaceOrientations_iPhone = "UIInterfaceOrientationPortrait UIInterfaceOrientationLandscapeLeft UIInterfaceOrientationLandscapeRight";
				LD_RUNPATH_SEARCH_PATHS = (
					"$(inherited)",
					"@executable_path/Frameworks",
				);
				MARKETING_VERSION = 1.0;
				PRODUCT_BUNDLE_IDENTIFIER = com.arav.Reflection;
				PRODUCT_NAME = "$(TARGET_NAME)";
				SWIFT_EMIT_LOC_STRINGS = YES;
				SWIFT_VERSION = 5.0;
				TARGETED_DEVICE_FAMILY = "1,2";
			};
			name = Release;
		};
/* End XCBuildConfiguration section */

/* Begin XCConfigurationList section */
		CA87AEE12CC474950060E61B /* Build configuration list for PBXProject "Reflection" */ = {
			isa = XCConfigurationList;
			buildConfigurations = (
				CA87AEF72CC474970060E61B /* Debug */,
				CA87AEF82CC474970060E61B /* Release */,
			);
			defaultConfigurationIsVisible = 0;
			defaultConfigurationName = Release;
		};
		CA87AEF92CC474970060E61B /* Build configuration list for PBXNativeTarget "Reflection" */ = {
			isa = XCConfigurationList;
			buildConfigurations = (
				CA87AEFA2CC474970060E61B /* Debug */,
				CA87AEFB2CC474970060E61B /* Release */,
			);
			defaultConfigurationIsVisible = 0;
			defaultConfigurationName = Release;
		};
/* End XCConfigurationList section */

/* Begin XCVersionGroup section */
		CA87AEF42CC474970060E61B /* Reflection.xcdatamodeld */ = {
			isa = XCVersionGroup;
			children = (
				CA87AEF52CC474970060E61B /* Reflection.xcdatamodel */,
			);
			currentVersion = CA87AEF52CC474970060E61B /* Reflection.xcdatamodel */;
			path = Reflection.xcdatamodeld;
			sourceTree = "<group>";
			versionGroupType = wrapper.xcdatamodel;
		};
/* End XCVersionGroup section */
	};
	rootObject = CA87AEDE2CC474950060E61B /* Project object */;
}
